
Microsoft Visual Studio Solution File, Format Version 12.00
# Visual Studio Version 17
VisualStudioVersion = 17.3.32825.248
MinimumVisualStudioVersion = 10.0.40219.1
Project("{FAE04EC0-301F-11D3-BF4B-00C04F79EFBC}") = "Wallet.API", "Wallet.API\Wallet.API.csproj", "{CC630B2B-A971-471D-9C7B-4717BFB63BBC}"
EndProject
Project("{FAE04EC0-301F-11D3-BF4B-00C04F79EFBC}") = "Wallet.Data", "Wallet.Data\Wallet.Data.csproj", "{856EFACE-5DD7-4E16-9284-518CDD8E21F6}"
EndProject
Project("{FAE04EC0-301F-11D3-BF4B-00C04F79EFBC}") = "Wallet.Service", "Wallet.Service\Wallet.Service.csproj", "{1FA52788-F4B2-4C74-8E3E-93F7916C9CB0}"
EndProject
Global
	GlobalSection(SolutionConfigurationPlatforms) = preSolution
		Debug|Any CPU = Debug|Any CPU
		Release|Any CPU = Release|Any CPU
	EndGlobalSection
	GlobalSection(ProjectConfigurationPlatforms) = postSolution
		{CC630B2B-A971-471D-9C7B-4717BFB63BBC}.Debug|Any CPU.ActiveCfg = Debug|Any CPU
		{CC630B2B-A971-471D-9C7B-4717BFB63BBC}.Debug|Any CPU.Build.0 = Debug|Any CPU
		{CC630B2B-A971-471D-9C7B-4717BFB63BBC}.Release|Any CPU.ActiveCfg = Release|Any CPU
		{CC630B2B-A971-471D-9C7B-4717BFB63BBC}.Release|Any CPU.Build.0 = Release|Any CPU
		{856EFACE-5DD7-4E16-9284-518CDD8E21F6}.Debug|Any CPU.ActiveCfg = Debug|Any CPU
		{856EFACE-5DD7-4E16-9284-518CDD8E21F6}.Debug|Any CPU.Build.0 = Debug|Any CPU
		{856EFACE-5DD7-4E16-9284-518CDD8E21F6}.Release|Any CPU.ActiveCfg = Release|Any CPU
		{856EFACE-5DD7-4E16-9284-518CDD8E21F6}.Release|Any CPU.Build.0 = Release|Any CPU
		{1FA52788-F4B2-4C74-8E3E-93F7916C9CB0}.Debug|Any CPU.ActiveCfg = Debug|Any CPU
		{1FA52788-F4B2-4C74-8E3E-93F7916C9CB0}.Debug|Any CPU.Build.0 = Debug|Any CPU
		{1FA52788-F4B2-4C74-8E3E-93F7916C9CB0}.Release|Any CPU.ActiveCfg = Release|Any CPU
		{1FA52788-F4B2-4C74-8E3E-93F7916C9CB0}.Release|Any CPU.Build.0 = Release|Any CPU
	EndGlobalSection
	GlobalSection(SolutionProperties) = preSolution
		HideSolutionNode = FALSE
	EndGlobalSection
	GlobalSection(ExtensibilityGlobals) = postSolution
		SolutionGuid = {C1D1C20F-3736-41B1-A9D8-1AF1B777D4C2}
	EndGlobalSection
EndGlobal
